// !$*UTF8*$!
{
	archiveVersion = 1;
	classes = {
	};
	objectVersion = 77;
	objects = {

/* Begin PBXBuildFile section */
		0D8D0F882CC6557700116637 /* FirebaseAuth in Frameworks */ = {isa = PBXBuildFile; productRef = 0D8D0F872CC6557700116637 /* FirebaseAuth */; };
		0D8D0F8A2CC6557700116637 /* FirebaseAuthCombine-Community in Frameworks */ = {isa = PBXBuildFile; productRef = 0D8D0F892CC6557700116637 /* FirebaseAuthCombine-Community */; };
		0D8D0F8C2CC6557700116637 /* FirebaseFirestore in Frameworks */ = {isa = PBXBuildFile; productRef = 0D8D0F8B2CC6557700116637 /* FirebaseFirestore */; };
		0D8D0F8E2CC6557700116637 /* FirebaseFirestoreCombine-Community in Frameworks */ = {isa = PBXBuildFile; productRef = 0D8D0F8D2CC6557700116637 /* FirebaseFirestoreCombine-Community */; };
		0D8D0F902CC6557700116637 /* FirebaseStorage in Frameworks */ = {isa = PBXBuildFile; productRef = 0D8D0F8F2CC6557700116637 /* FirebaseStorage */; };
		0D8D0F922CC6557700116637 /* FirebaseStorageCombine-Community in Frameworks */ = {isa = PBXBuildFile; productRef = 0D8D0F912CC6557700116637 /* FirebaseStorageCombine-Community */; };
/* End PBXBuildFile section */

/* Begin PBXContainerItemProxy section */
		485A232D2CC283ED00DEFFAF /* PBXContainerItemProxy */ = {
			isa = PBXContainerItemProxy;
			containerPortal = 485A23142CC283EB00DEFFAF /* Project object */;
			proxyType = 1;
			remoteGlobalIDString = 485A231B2CC283EB00DEFFAF;
			remoteInfo = FaveAndRate;
		};
		485A23372CC283ED00DEFFAF /* PBXContainerItemProxy */ = {
			isa = PBXContainerItemProxy;
			containerPortal = 485A23142CC283EB00DEFFAF /* Project object */;
			proxyType = 1;
			remoteGlobalIDString = 485A231B2CC283EB00DEFFAF;
			remoteInfo = FaveAndRate;
		};
/* End PBXContainerItemProxy section */

/* Begin PBXFileReference section */
		485A231C2CC283EB00DEFFAF /* FaveAndRate.app */ = {isa = PBXFileReference; explicitFileType = wrapper.application; includeInIndex = 0; path = FaveAndRate.app; sourceTree = BUILT_PRODUCTS_DIR; };
		485A232C2CC283ED00DEFFAF /* FaveAndRateTests.xctest */ = {isa = PBXFileReference; explicitFileType = wrapper.cfbundle; includeInIndex = 0; path = FaveAndRateTests.xctest; sourceTree = BUILT_PRODUCTS_DIR; };
		485A23362CC283ED00DEFFAF /* FaveAndRateUITests.xctest */ = {isa = PBXFileReference; explicitFileType = wrapper.cfbundle; includeInIndex = 0; path = FaveAndRateUITests.xctest; sourceTree = BUILT_PRODUCTS_DIR; };
/* End PBXFileReference section */

/* Begin PBXFileSystemSynchronizedBuildFileExceptionSet section */
		0DA07D302CD8F2EC0050BC8A /* Exceptions for "FaveAndRate" folder in "FaveAndRate" target */ = {
			isa = PBXFileSystemSynchronizedBuildFileExceptionSet;
			membershipExceptions = (
				Info.plist,
			);
			target = 485A231B2CC283EB00DEFFAF /* FaveAndRate */;
		};
/* End PBXFileSystemSynchronizedBuildFileExceptionSet section */

/* Begin PBXFileSystemSynchronizedRootGroup section */
		485A231E2CC283EB00DEFFAF /* FaveAndRate */ = {
			isa = PBXFileSystemSynchronizedRootGroup;
			exceptions = (
				0DA07D302CD8F2EC0050BC8A /* Exceptions for "FaveAndRate" folder in "FaveAndRate" target */,
			);
			path = FaveAndRate;
			sourceTree = "<group>";
		};
		485A232F2CC283ED00DEFFAF /* FaveAndRateTests */ = {
			isa = PBXFileSystemSynchronizedRootGroup;
			path = FaveAndRateTests;
			sourceTree = "<group>";
		};
		485A23392CC283ED00DEFFAF /* FaveAndRateUITests */ = {
			isa = PBXFileSystemSynchronizedRootGroup;
			path = FaveAndRateUITests;
			sourceTree = "<group>";
		};
/* End PBXFileSystemSynchronizedRootGroup section */

/* Begin PBXFrameworksBuildPhase section */
		485A23192CC283EB00DEFFAF /* Frameworks */ = {
			isa = PBXFrameworksBuildPhase;
			buildActionMask = 2147483647;
			files = (
				0D8D0F882CC6557700116637 /* FirebaseAuth in Frameworks */,
				0D8D0F8E2CC6557700116637 /* FirebaseFirestoreCombine-Community in Frameworks */,
				0D8D0F8A2CC6557700116637 /* FirebaseAuthCombine-Community in Frameworks */,
				0D8D0F902CC6557700116637 /* FirebaseStorage in Frameworks */,
				0D8D0F922CC6557700116637 /* FirebaseStorageCombine-Community in Frameworks */,
				0D8D0F8C2CC6557700116637 /* FirebaseFirestore in Frameworks */,
			);
			runOnlyForDeploymentPostprocessing = 0;
		};
		485A23292CC283ED00DEFFAF /* Frameworks */ = {
			isa = PBXFrameworksBuildPhase;
			buildActionMask = 2147483647;
			files = (
			);
			runOnlyForDeploymentPostprocessing = 0;
		};
		485A23332CC283ED00DEFFAF /* Frameworks */ = {
			isa = PBXFrameworksBuildPhase;
			buildActionMask = 2147483647;
			files = (
			);
			runOnlyForDeploymentPostprocessing = 0;
		};
/* End PBXFrameworksBuildPhase section */

/* Begin PBXGroup section */
		485A23132CC283EB00DEFFAF = {
			isa = PBXGroup;
			children = (
				485A231E2CC283EB00DEFFAF /* FaveAndRate */,
				485A232F2CC283ED00DEFFAF /* FaveAndRateTests */,
				485A23392CC283ED00DEFFAF /* FaveAndRateUITests */,
				485A231D2CC283EB00DEFFAF /* Products */,
			);
			sourceTree = "<group>";
		};
		485A231D2CC283EB00DEFFAF /* Products */ = {
			isa = PBXGroup;
			children = (
				485A231C2CC283EB00DEFFAF /* FaveAndRate.app */,
				485A232C2CC283ED00DEFFAF /* FaveAndRateTests.xctest */,
				485A23362CC283ED00DEFFAF /* FaveAndRateUITests.xctest */,
			);
			name = Products;
			sourceTree = "<group>";
		};
/* End PBXGroup section */

/* Begin PBXNativeTarget section */
		485A231B2CC283EB00DEFFAF /* FaveAndRate */ = {
			isa = PBXNativeTarget;
			buildConfigurationList = 485A23402CC283ED00DEFFAF /* Build configuration list for PBXNativeTarget "FaveAndRate" */;
			buildPhases = (
				485A23182CC283EB00DEFFAF /* Sources */,
				485A23192CC283EB00DEFFAF /* Frameworks */,
				485A231A2CC283EB00DEFFAF /* Resources */,
			);
			buildRules = (
			);
			dependencies = (
			);
			fileSystemSynchronizedGroups = (
				485A231E2CC283EB00DEFFAF /* FaveAndRate */,
			);
			name = FaveAndRate;
			packageProductDependencies = (
				0D8D0F872CC6557700116637 /* FirebaseAuth */,
				0D8D0F892CC6557700116637 /* FirebaseAuthCombine-Community */,
				0D8D0F8B2CC6557700116637 /* FirebaseFirestore */,
				0D8D0F8D2CC6557700116637 /* FirebaseFirestoreCombine-Community */,
				0D8D0F8F2CC6557700116637 /* FirebaseStorage */,
				0D8D0F912CC6557700116637 /* FirebaseStorageCombine-Community */,
			);
			productName = FaveAndRate;
			productReference = 485A231C2CC283EB00DEFFAF /* FaveAndRate.app */;
			productType = "com.apple.product-type.application";
		};
		485A232B2CC283ED00DEFFAF /* FaveAndRateTests */ = {
			isa = PBXNativeTarget;
			buildConfigurationList = 485A23432CC283ED00DEFFAF /* Build configuration list for PBXNativeTarget "FaveAndRateTests" */;
			buildPhases = (
				485A23282CC283ED00DEFFAF /* Sources */,
				485A23292CC283ED00DEFFAF /* Frameworks */,
				485A232A2CC283ED00DEFFAF /* Resources */,
			);
			buildRules = (
			);
			dependencies = (
				485A232E2CC283ED00DEFFAF /* PBXTargetDependency */,
			);
			fileSystemSynchronizedGroups = (
				485A232F2CC283ED00DEFFAF /* FaveAndRateTests */,
			);
			name = FaveAndRateTests;
			packageProductDependencies = (
			);
			productName = FaveAndRateTests;
			productReference = 485A232C2CC283ED00DEFFAF /* FaveAndRateTests.xctest */;
			productType = "com.apple.product-type.bundle.unit-test";
		};
		485A23352CC283ED00DEFFAF /* FaveAndRateUITests */ = {
			isa = PBXNativeTarget;
			buildConfigurationList = 485A23462CC283ED00DEFFAF /* Build configuration list for PBXNativeTarget "FaveAndRateUITests" */;
			buildPhases = (
				485A23322CC283ED00DEFFAF /* Sources */,
				485A23332CC283ED00DEFFAF /* Frameworks */,
				485A23342CC283ED00DEFFAF /* Resources */,
			);
			buildRules = (
			);
			dependencies = (
				485A23382CC283ED00DEFFAF /* PBXTargetDependency */,
			);
			fileSystemSynchronizedGroups = (
				485A23392CC283ED00DEFFAF /* FaveAndRateUITests */,
			);
			name = FaveAndRateUITests;
			packageProductDependencies = (
			);
			productName = FaveAndRateUITests;
			productReference = 485A23362CC283ED00DEFFAF /* FaveAndRateUITests.xctest */;
			productType = "com.apple.product-type.bundle.ui-testing";
		};
/* End PBXNativeTarget section */

/* Begin PBXProject section */
		485A23142CC283EB00DEFFAF /* Project object */ = {
			isa = PBXProject;
			attributes = {
				BuildIndependentTargetsInParallel = 1;
				LastSwiftUpdateCheck = 1600;
				LastUpgradeCheck = 1600;
				TargetAttributes = {
					485A231B2CC283EB00DEFFAF = {
						CreatedOnToolsVersion = 16.0;
					};
					485A232B2CC283ED00DEFFAF = {
						CreatedOnToolsVersion = 16.0;
						TestTargetID = 485A231B2CC283EB00DEFFAF;
					};
					485A23352CC283ED00DEFFAF = {
						CreatedOnToolsVersion = 16.0;
						TestTargetID = 485A231B2CC283EB00DEFFAF;
					};
				};
			};
			buildConfigurationList = 485A23172CC283EB00DEFFAF /* Build configuration list for PBXProject "FaveAndRate" */;
			developmentRegion = en;
			hasScannedForEncodings = 0;
			knownRegions = (
				en,
				Base,
			);
			mainGroup = 485A23132CC283EB00DEFFAF;
			minimizedProjectReferenceProxies = 1;
			packageReferences = (
				0D8D0F862CC6557700116637 /* XCRemoteSwiftPackageReference "firebase-ios-sdk" */,
			);
			preferredProjectObjectVersion = 77;
			productRefGroup = 485A231D2CC283EB00DEFFAF /* Products */;
			projectDirPath = "";
			projectRoot = "";
			targets = (
				485A231B2CC283EB00DEFFAF /* FaveAndRate */,
				485A232B2CC283ED00DEFFAF /* FaveAndRateTests */,
				485A23352CC283ED00DEFFAF /* FaveAndRateUITests */,
			);
		};
/* End PBXProject section */

/* Begin PBXResourcesBuildPhase section */
		485A231A2CC283EB00DEFFAF /* Resources */ = {
			isa = PBXResourcesBuildPhase;
			buildActionMask = 2147483647;
			files = (
			);
			runOnlyForDeploymentPostprocessing = 0;
		};
		485A232A2CC283ED00DEFFAF /* Resources */ = {
			isa = PBXResourcesBuildPhase;
			buildActionMask = 2147483647;
			files = (
			);
			runOnlyForDeploymentPostprocessing = 0;
		};
		485A23342CC283ED00DEFFAF /* Resources */ = {
			isa = PBXResourcesBuildPhase;
			buildActionMask = 2147483647;
			files = (
			);
			runOnlyForDeploymentPostprocessing = 0;
		};
/* End PBXResourcesBuildPhase section */

/* Begin PBXSourcesBuildPhase section */
		485A23182CC283EB00DEFFAF /* Sources */ = {
			isa = PBXSourcesBuildPhase;
			buildActionMask = 2147483647;
			files = (
			);
			runOnlyForDeploymentPostprocessing = 0;
		};
		485A23282CC283ED00DEFFAF /* Sources */ = {
			isa = PBXSourcesBuildPhase;
			buildActionMask = 2147483647;
			files = (
			);
			runOnlyForDeploymentPostprocessing = 0;
		};
		485A23322CC283ED00DEFFAF /* Sources */ = {
			isa = PBXSourcesBuildPhase;
			buildActionMask = 2147483647;
			files = (
			);
			runOnlyForDeploymentPostprocessing = 0;
		};
/* End PBXSourcesBuildPhase section */

/* Begin PBXTargetDependency section */
		485A232E2CC283ED00DEFFAF /* PBXTargetDependency */ = {
			isa = PBXTargetDependency;
			target = 485A231B2CC283EB00DEFFAF /* FaveAndRate */;
			targetProxy = 485A232D2CC283ED00DEFFAF /* PBXContainerItemProxy */;
		};
		485A23382CC283ED00DEFFAF /* PBXTargetDependency */ = {
			isa = PBXTargetDependency;
			target = 485A231B2CC283EB00DEFFAF /* FaveAndRate */;
			targetProxy = 485A23372CC283ED00DEFFAF /* PBXContainerItemProxy */;
		};
/* End PBXTargetDependency section */

/* Begin XCBuildConfiguration section */
		485A233E2CC283ED00DEFFAF /* Debug */ = {
			isa = XCBuildConfiguration;
			buildSettings = {
				ALWAYS_SEARCH_USER_PATHS = NO;
				ASSETCATALOG_COMPILER_GENERATE_SWIFT_ASSET_SYMBOL_EXTENSIONS = YES;
				CLANG_ANALYZER_NONNULL = YES;
				CLANG_ANALYZER_NUMBER_OBJECT_CONVERSION = YES_AGGRESSIVE;
				CLANG_CXX_LANGUAGE_STANDARD = "gnu++20";
				CLANG_ENABLE_MODULES = YES;
				CLANG_ENABLE_OBJC_ARC = YES;
				CLANG_ENABLE_OBJC_WEAK = YES;
				CLANG_WARN_BLOCK_CAPTURE_AUTORELEASING = YES;
				CLANG_WARN_BOOL_CONVERSION = YES;
				CLANG_WARN_COMMA = YES;
				CLANG_WARN_CONSTANT_CONVERSION = YES;
				CLANG_WARN_DEPRECATED_OBJC_IMPLEMENTATIONS = YES;
				CLANG_WARN_DIRECT_OBJC_ISA_USAGE = YES_ERROR;
				CLANG_WARN_DOCUMENTATION_COMMENTS = YES;
				CLANG_WARN_EMPTY_BODY = YES;
				CLANG_WARN_ENUM_CONVERSION = YES;
				CLANG_WARN_INFINITE_RECURSION = YES;
				CLANG_WARN_INT_CONVERSION = YES;
				CLANG_WARN_NON_LITERAL_NULL_CONVERSION = YES;
				CLANG_WARN_OBJC_IMPLICIT_RETAIN_SELF = YES;
				CLANG_WARN_OBJC_LITERAL_CONVERSION = YES;
				CLANG_WARN_OBJC_ROOT_CLASS = YES_ERROR;
				CLANG_WARN_QUOTED_INCLUDE_IN_FRAMEWORK_HEADER = YES;
				CLANG_WARN_RANGE_LOOP_ANALYSIS = YES;
				CLANG_WARN_STRICT_PROTOTYPES = YES;
				CLANG_WARN_SUSPICIOUS_MOVE = YES;
				CLANG_WARN_UNGUARDED_AVAILABILITY = YES_AGGRESSIVE;
				CLANG_WARN_UNREACHABLE_CODE = YES;
				CLANG_WARN__DUPLICATE_METHOD_MATCH = YES;
				COPY_PHASE_STRIP = NO;
				DEBUG_INFORMATION_FORMAT = dwarf;
				ENABLE_STRICT_OBJC_MSGSEND = YES;
				ENABLE_TESTABILITY = YES;
				ENABLE_USER_SCRIPT_SANDBOXING = YES;
				GCC_C_LANGUAGE_STANDARD = gnu17;
				GCC_DYNAMIC_NO_PIC = NO;
				GCC_NO_COMMON_BLOCKS = YES;
				GCC_OPTIMIZATION_LEVEL = 0;
				GCC_PREPROCESSOR_DEFINITIONS = (
					"DEBUG=1",
					"$(inherited)",
				);
				GCC_WARN_64_TO_32_BIT_CONVERSION = YES;
				GCC_WARN_ABOUT_RETURN_TYPE = YES_ERROR;
				GCC_WARN_UNDECLARED_SELECTOR = YES;
				GCC_WARN_UNINITIALIZED_AUTOS = YES_AGGRESSIVE;
				GCC_WARN_UNUSED_FUNCTION = YES;
				GCC_WARN_UNUSED_VARIABLE = YES;
				IPHONEOS_DEPLOYMENT_TARGET = 18.0;
				LOCALIZATION_PREFERS_STRING_CATALOGS = YES;
				MTL_ENABLE_DEBUG_INFO = INCLUDE_SOURCE;
				MTL_FAST_MATH = YES;
				ONLY_ACTIVE_ARCH = YES;
				SDKROOT = iphoneos;
				SWIFT_ACTIVE_COMPILATION_CONDITIONS = "DEBUG $(inherited)";
				SWIFT_OPTIMIZATION_LEVEL = "-Onone";
			};
			name = Debug;
		};
		485A233F2CC283ED00DEFFAF /* Release */ = {
			isa = XCBuildConfiguration;
			buildSettings = {
				ALWAYS_SEARCH_USER_PATHS = NO;
				ASSETCATALOG_COMPILER_GENERATE_SWIFT_ASSET_SYMBOL_EXTENSIONS = YES;
				CLANG_ANALYZER_NONNULL = YES;
				CLANG_ANALYZER_NUMBER_OBJECT_CONVERSION = YES_AGGRESSIVE;
				CLANG_CXX_LANGUAGE_STANDARD = "gnu++20";
				CLANG_ENABLE_MODULES = YES;
				CLANG_ENABLE_OBJC_ARC = YES;
				CLANG_ENABLE_OBJC_WEAK = YES;
				CLANG_WARN_BLOCK_CAPTURE_AUTORELEASING = YES;
				CLANG_WARN_BOOL_CONVERSION = YES;
				CLANG_WARN_COMMA = YES;
				CLANG_WARN_CONSTANT_CONVERSION = YES;
				CLANG_WARN_DEPRECATED_OBJC_IMPLEMENTATIONS = YES;
				CLANG_WARN_DIRECT_OBJC_ISA_USAGE = YES_ERROR;
				CLANG_WARN_DOCUMENTATION_COMMENTS = YES;
				CLANG_WARN_EMPTY_BODY = YES;
				CLANG_WARN_ENUM_CONVERSION = YES;
				CLANG_WARN_INFINITE_RECURSION = YES;
				CLANG_WARN_INT_CONVERSION = YES;
				CLANG_WARN_NON_LITERAL_NULL_CONVERSION = YES;
				CLANG_WARN_OBJC_IMPLICIT_RETAIN_SELF = YES;
				CLANG_WARN_OBJC_LITERAL_CONVERSION = YES;
				CLANG_WARN_OBJC_ROOT_CLASS = YES_ERROR;
				CLANG_WARN_QUOTED_INCLUDE_IN_FRAMEWORK_HEADER = YES;
				CLANG_WARN_RANGE_LOOP_ANALYSIS = YES;
				CLANG_WARN_STRICT_PROTOTYPES = YES;
				CLANG_WARN_SUSPICIOUS_MOVE = YES;
				CLANG_WARN_UNGUARDED_AVAILABILITY = YES_AGGRESSIVE;
				CLANG_WARN_UNREACHABLE_CODE = YES;
				CLANG_WARN__DUPLICATE_METHOD_MATCH = YES;
				COPY_PHASE_STRIP = NO;
				DEBUG_INFORMATION_FORMAT = "dwarf-with-dsym";
				ENABLE_NS_ASSERTIONS = NO;
				ENABLE_STRICT_OBJC_MSGSEND = YES;
				ENABLE_USER_SCRIPT_SANDBOXING = YES;
				GCC_C_LANGUAGE_STANDARD = gnu17;
				GCC_NO_COMMON_BLOCKS = YES;
				GCC_WARN_64_TO_32_BIT_CONVERSION = YES;
				GCC_WARN_ABOUT_RETURN_TYPE = YES_ERROR;
				GCC_WARN_UNDECLARED_SELECTOR = YES;
				GCC_WARN_UNINITIALIZED_AUTOS = YES_AGGRESSIVE;
				GCC_WARN_UNUSED_FUNCTION = YES;
				GCC_WARN_UNUSED_VARIABLE = YES;
				IPHONEOS_DEPLOYMENT_TARGET = 18.0;
				LOCALIZATION_PREFERS_STRING_CATALOGS = YES;
				MTL_ENABLE_DEBUG_INFO = NO;
				MTL_FAST_MATH = YES;
				SDKROOT = iphoneos;
				SWIFT_COMPILATION_MODE = wholemodule;
				VALIDATE_PRODUCT = YES;
			};
			name = Release;
		};
		485A23412CC283ED00DEFFAF /* Debug */ = {
			isa = XCBuildConfiguration;
			buildSettings = {
				ASSETCATALOG_COMPILER_APPICON_NAME = AppIcon;
				ASSETCATALOG_COMPILER_GLOBAL_ACCENT_COLOR_NAME = AccentColor;
				CODE_SIGN_STYLE = Automatic;
				CURRENT_PROJECT_VERSION = 1;
				DEVELOPMENT_ASSET_PATHS = "\"FaveAndRate/Preview Content\"";
				DEVELOPMENT_TEAM = UN6KB94738;
				ENABLE_PREVIEWS = YES;
				GENERATE_INFOPLIST_FILE = YES;
				INFOPLIST_KEY_NSLocationWhenInUseUsageDescription = "Please give us your location";
				INFOPLIST_KEY_NSMicrophoneUsageDescription = "This app requires access to the microphone to record audio comments.";
				INFOPLIST_KEY_UIApplicationSceneManifest_Generation = YES;
				INFOPLIST_KEY_UIApplicationSupportsIndirectInputEvents = YES;
				INFOPLIST_KEY_UILaunchScreen_Generation = YES;
				INFOPLIST_KEY_UISupportedInterfaceOrientations_iPad = "UIInterfaceOrientationPortrait UIInterfaceOrientationPortraitUpsideDown UIInterfaceOrientationLandscapeLeft UIInterfaceOrientationLandscapeRight";
				INFOPLIST_KEY_UISupportedInterfaceOrientations_iPhone = "UIInterfaceOrientationPortrait UIInterfaceOrientationLandscapeLeft UIInterfaceOrientationLandscapeRight";
				LD_RUNPATH_SEARCH_PATHS = (
					"$(inherited)",
					"@executable_path/Frameworks",
				);
				MARKETING_VERSION = 1.0;
				PRODUCT_BUNDLE_IDENTIFIER = com.onurkayhan.FaveAndRate;
				PRODUCT_NAME = "$(TARGET_NAME)";
				SWIFT_EMIT_LOC_STRINGS = YES;
				SWIFT_VERSION = 5.0;
				TARGETED_DEVICE_FAMILY = "1,2";
			};
			name = Debug;
		};
		485A23422CC283ED00DEFFAF /* Release */ = {
			isa = XCBuildConfiguration;
			buildSettings = {
				ASSETCATALOG_COMPILER_APPICON_NAME = AppIcon;
				ASSETCATALOG_COMPILER_GLOBAL_ACCENT_COLOR_NAME = AccentColor;
				CODE_SIGN_STYLE = Automatic;
				CURRENT_PROJECT_VERSION = 1;
				DEVELOPMENT_ASSET_PATHS = "\"FaveAndRate/Preview Content\"";
				DEVELOPMENT_TEAM = UN6KB94738;
				ENABLE_PREVIEWS = YES;
				GENERATE_INFOPLIST_FILE = YES;
				INFOPLIST_KEY_NSLocationWhenInUseUsageDescription = "Please give us your location";
				INFOPLIST_KEY_NSMicrophoneUsageDescription = "This app requires access to the microphone to record audio comments.";
				INFOPLIST_KEY_UIApplicationSceneManifest_Generation = YES;
				INFOPLIST_KEY_UIApplicationSupportsIndirectInputEvents = YES;
				INFOPLIST_KEY_UILaunchScreen_Generation = YES;
				INFOPLIST_KEY_UISupportedInterfaceOrientations_iPad = "UIInterfaceOrientationPortrait UIInterfaceOrientationPortraitUpsideDown UIInterfaceOrientationLandscapeLeft UIInterfaceOrientationLandscapeRight";
				INFOPLIST_KEY_UISupportedInterfaceOrientations_iPhone = "UIInterfaceOrientationPortrait UIInterfaceOrientationLandscapeLeft UIInterfaceOrientationLandscapeRight";
				LD_RUNPATH_SEARCH_PATHS = (
					"$(inherited)",
					"@executable_path/Frameworks",
				);
				MARKETING_VERSION = 1.0;
				PRODUCT_BUNDLE_IDENTIFIER = com.onurkayhan.FaveAndRate;
				PRODUCT_NAME = "$(TARGET_NAME)";
				SWIFT_EMIT_LOC_STRINGS = YES;
				SWIFT_VERSION = 5.0;
				TARGETED_DEVICE_FAMILY = "1,2";
			};
			name = Release;
		};
		485A23442CC283ED00DEFFAF /* Debug */ = {
			isa = XCBuildConfiguration;
			buildSettings = {
				BUNDLE_LOADER = "$(TEST_HOST)";
				CODE_SIGN_STYLE = Automatic;
				CURRENT_PROJECT_VERSION = 1;
				DEVELOPMENT_TEAM = UN6KB94738;
				GENERATE_INFOPLIST_FILE = YES;
				IPHONEOS_DEPLOYMENT_TARGET = 18.0;
				MARKETING_VERSION = 1.0;
				PRODUCT_BUNDLE_IDENTIFIER = com.onurkayhan.FaveAndRateTests;
				PRODUCT_NAME = "$(TARGET_NAME)";
				SWIFT_EMIT_LOC_STRINGS = NO;
				SWIFT_VERSION = 5.0;
				TARGETED_DEVICE_FAMILY = "1,2";
				TEST_HOST = "$(BUILT_PRODUCTS_DIR)/FaveAndRate.app/$(BUNDLE_EXECUTABLE_FOLDER_PATH)/FaveAndRate";
			};
			name = Debug;
		};
		485A23452CC283ED00DEFFAF /* Release */ = {
			isa = XCBuildConfiguration;
			buildSettings = {
				BUNDLE_LOADER = "$(TEST_HOST)";
				CODE_SIGN_STYLE = Automatic;
				CURRENT_PROJECT_VERSION = 1;
				DEVELOPMENT_TEAM = UN6KB94738;
				GENERATE_INFOPLIST_FILE = YES;
				IPHONEOS_DEPLOYMENT_TARGET = 18.0;
				MARKETING_VERSION = 1.0;
				PRODUCT_BUNDLE_IDENTIFIER = com.onurkayhan.FaveAndRateTests;
				PRODUCT_NAME = "$(TARGET_NAME)";
				SWIFT_EMIT_LOC_STRINGS = NO;
				SWIFT_VERSION = 5.0;
				TARGETED_DEVICE_FAMILY = "1,2";
				TEST_HOST = "$(BUILT_PRODUCTS_DIR)/FaveAndRate.app/$(BUNDLE_EXECUTABLE_FOLDER_PATH)/FaveAndRate";
			};
			name = Release;
		};
		485A23472CC283ED00DEFFAF /* Debug */ = {
			isa = XCBuildConfiguration;
			buildSettings = {
				CODE_SIGN_STYLE = Automatic;
				CURRENT_PROJECT_VERSION = 1;
				DEVELOPMENT_TEAM = UN6KB94738;
				GENERATE_INFOPLIST_FILE = YES;
				MARKETING_VERSION = 1.0;
				PRODUCT_BUNDLE_IDENTIFIER = com.onurkayhan.FaveAndRateUITests;
				PRODUCT_NAME = "$(TARGET_NAME)";
				SWIFT_EMIT_LOC_STRINGS = NO;
				SWIFT_VERSION = 5.0;
				TARGETED_DEVICE_FAMILY = "1,2";
				TEST_TARGET_NAME = FaveAndRate;
			};
			name = Debug;
		};
		485A23482CC283ED00DEFFAF /* Release */ = {
			isa = XCBuildConfiguration;
			buildSettings = {
				CODE_SIGN_STYLE = Automatic;
				CURRENT_PROJECT_VERSION = 1;
				DEVELOPMENT_TEAM = UN6KB94738;
				GENERATE_INFOPLIST_FILE = YES;
				MARKETING_VERSION = 1.0;
				PRODUCT_BUNDLE_IDENTIFIER = com.onurkayhan.FaveAndRateUITests;
				PRODUCT_NAME = "$(TARGET_NAME)";
				SWIFT_EMIT_LOC_STRINGS = NO;
				SWIFT_VERSION = 5.0;
				TARGETED_DEVICE_FAMILY = "1,2";
				TEST_TARGET_NAME = FaveAndRate;
			};
			name = Release;
		};
/* End XCBuildConfiguration section */

/* Begin XCConfigurationList section */
		485A23172CC283EB00DEFFAF /* Build configuration list for PBXProject "FaveAndRate" */ = {
			isa = XCConfigurationList;
			buildConfigurations = (
				485A233E2CC283ED00DEFFAF /* Debug */,
				485A233F2CC283ED00DEFFAF /* Release */,
			);
			defaultConfigurationIsVisible = 0;
			defaultConfigurationName = Release;
		};
		485A23402CC283ED00DEFFAF /* Build configuration list for PBXNativeTarget "FaveAndRate" */ = {
			isa = XCConfigurationList;
			buildConfigurations = (
				485A23412CC283ED00DEFFAF /* Debug */,
				485A23422CC283ED00DEFFAF /* Release */,
			);
			defaultConfigurationIsVisible = 0;
			defaultConfigurationName = Release;
		};
		485A23432CC283ED00DEFFAF /* Build configuration list for PBXNativeTarget "FaveAndRateTests" */ = {
			isa = XCConfigurationList;
			buildConfigurations = (
				485A23442CC283ED00DEFFAF /* Debug */,
				485A23452CC283ED00DEFFAF /* Release */,
			);
			defaultConfigurationIsVisible = 0;
			defaultConfigurationName = Release;
		};
		485A23462CC283ED00DEFFAF /* Build configuration list for PBXNativeTarget "FaveAndRateUITests" */ = {
			isa = XCConfigurationList;
			buildConfigurations = (
				485A23472CC283ED00DEFFAF /* Debug */,
				485A23482CC283ED00DEFFAF /* Release */,
			);
			defaultConfigurationIsVisible = 0;
			defaultConfigurationName = Release;
		};
/* End XCConfigurationList section */

/* Begin XCRemoteSwiftPackageReference section */
		0D8D0F862CC6557700116637 /* XCRemoteSwiftPackageReference "firebase-ios-sdk" */ = {
			isa = XCRemoteSwiftPackageReference;
			repositoryURL = "https://github.com/firebase/firebase-ios-sdk";
			requirement = {
				kind = upToNextMajorVersion;
				minimumVersion = 11.3.0;
			};
		};
/* End XCRemoteSwiftPackageReference section */

/* Begin XCSwiftPackageProductDependency section */
		0D8D0F872CC6557700116637 /* FirebaseAuth */ = {
			isa = XCSwiftPackageProductDependency;
			package = 0D8D0F862CC6557700116637 /* XCRemoteSwiftPackageReference "firebase-ios-sdk" */;
			productName = FirebaseAuth;
		};
		0D8D0F892CC6557700116637 /* FirebaseAuthCombine-Community */ = {
			isa = XCSwiftPackageProductDependency;
			package = 0D8D0F862CC6557700116637 /* XCRemoteSwiftPackageReference "firebase-ios-sdk" */;
			productName = "FirebaseAuthCombine-Community";
		};
		0D8D0F8B2CC6557700116637 /* FirebaseFirestore */ = {
			isa = XCSwiftPackageProductDependency;
			package = 0D8D0F862CC6557700116637 /* XCRemoteSwiftPackageReference "firebase-ios-sdk" */;
			productName = FirebaseFirestore;
		};
		0D8D0F8D2CC6557700116637 /* FirebaseFirestoreCombine-Community */ = {
			isa = XCSwiftPackageProductDependency;
			package = 0D8D0F862CC6557700116637 /* XCRemoteSwiftPackageReference "firebase-ios-sdk" */;
			productName = "FirebaseFirestoreCombine-Community";
		};
		0D8D0F8F2CC6557700116637 /* FirebaseStorage */ = {
			isa = XCSwiftPackageProductDependency;
			package = 0D8D0F862CC6557700116637 /* XCRemoteSwiftPackageReference "firebase-ios-sdk" */;
			productName = FirebaseStorage;
		};
		0D8D0F912CC6557700116637 /* FirebaseStorageCombine-Community */ = {
			isa = XCSwiftPackageProductDependency;
			package = 0D8D0F862CC6557700116637 /* XCRemoteSwiftPackageReference "firebase-ios-sdk" */;
			productName = "FirebaseStorageCombine-Community";
		};
/* End XCSwiftPackageProductDependency section */
	};
	rootObject = 485A23142CC283EB00DEFFAF /* Project object */;
}
